
Microsoft Visual Studio Solution File, Format Version 12.00
# Visual Studio Version 17
VisualStudioVersion = 17.7.34009.444
MinimumVisualStudioVersion = 10.0.40219.1
Project("{FAE04EC0-301F-11D3-BF4B-00C04F79EFBC}") = "Core", "Core\Core.csproj", "{1C7BE03B-320A-42BE-A05B-551910C899B9}"
EndProject
Project("{9A19103F-16F7-4668-BE54-9A1E7A4F7556}") = "Infra", "Infra\Infra.csproj", "{3835815A-E88F-44A8-98CE-834E80064C60}"
EndProject
Project("{9A19103F-16F7-4668-BE54-9A1E7A4F7556}") = "ApiMID.tests", "ApiMID.tests\ApiMID.tests.csproj", "{EE6CE3C5-F576-4260-9BB4-EC968D93C806}"
EndProject
Project("{FAE04EC0-301F-11D3-BF4B-00C04F79EFBC}") = "Infra.Tests", "Infra.Tests\Infra.Tests.csproj", "{48E703E2-8F7C-45E4-9996-A706C5544866}"
EndProject
Global
	GlobalSection(SolutionConfigurationPlatforms) = preSolution
		Debug|Any CPU = Debug|Any CPU
		Release|Any CPU = Release|Any CPU
	EndGlobalSection
	GlobalSection(ProjectConfigurationPlatforms) = postSolution
		{1C7BE03B-320A-42BE-A05B-551910C899B9}.Debug|Any CPU.ActiveCfg = Debug|Any CPU
		{1C7BE03B-320A-42BE-A05B-551910C899B9}.Debug|Any CPU.Build.0 = Debug|Any CPU
		{1C7BE03B-320A-42BE-A05B-551910C899B9}.Release|Any CPU.ActiveCfg = Release|Any CPU
		{1C7BE03B-320A-42BE-A05B-551910C899B9}.Release|Any CPU.Build.0 = Release|Any CPU
		{3835815A-E88F-44A8-98CE-834E80064C60}.Debug|Any CPU.ActiveCfg = Debug|Any CPU
		{3835815A-E88F-44A8-98CE-834E80064C60}.Debug|Any CPU.Build.0 = Debug|Any CPU
		{3835815A-E88F-44A8-98CE-834E80064C60}.Release|Any CPU.ActiveCfg = Release|Any CPU
		{3835815A-E88F-44A8-98CE-834E80064C60}.Release|Any CPU.Build.0 = Release|Any CPU
		{EE6CE3C5-F576-4260-9BB4-EC968D93C806}.Debug|Any CPU.ActiveCfg = Debug|Any CPU
		{EE6CE3C5-F576-4260-9BB4-EC968D93C806}.Debug|Any CPU.Build.0 = Debug|Any CPU
		{EE6CE3C5-F576-4260-9BB4-EC968D93C806}.Release|Any CPU.ActiveCfg = Release|Any CPU
		{EE6CE3C5-F576-4260-9BB4-EC968D93C806}.Release|Any CPU.Build.0 = Release|Any CPU
		{48E703E2-8F7C-45E4-9996-A706C5544866}.Debug|Any CPU.ActiveCfg = Debug|Any CPU
		{48E703E2-8F7C-45E4-9996-A706C5544866}.Debug|Any CPU.Build.0 = Debug|Any CPU
		{48E703E2-8F7C-45E4-9996-A706C5544866}.Release|Any CPU.ActiveCfg = Release|Any CPU
		{48E703E2-8F7C-45E4-9996-A706C5544866}.Release|Any CPU.Build.0 = Release|Any CPU
	EndGlobalSection
	GlobalSection(SolutionProperties) = preSolution
		HideSolutionNode = FALSE
	EndGlobalSection
	GlobalSection(ExtensibilityGlobals) = postSolution
		SolutionGuid = {984A8F55-30DA-47ED-A733-4AF0CC538765}
	EndGlobalSection
EndGlobal
